
Microsoft Visual Studio Solution File, Format Version 12.00
# Visual Studio Version 16
VisualStudioVersion = 16.0.30114.105
MinimumVisualStudioVersion = 10.0.40219.1
Project("{FAE04EC0-301F-11D3-BF4B-00C04F79EFBC}") = "API", "API\API.csproj", "{B0C11618-9FE7-439D-AD3D-979DD9981E9F}"
EndProject
Project("{FAE04EC0-301F-11D3-BF4B-00C04F79EFBC}") = "Application", "Application\Application.csproj", "{4F7E14E3-CA18-4896-BE29-BF7FF85CAE96}"
EndProject
Project("{FAE04EC0-301F-11D3-BF4B-00C04F79EFBC}") = "Persistence", "Persistence\Persistence.csproj", "{DF18A3B5-2C33-474D-83CE-93029DDC49FF}"
EndProject
Project("{FAE04EC0-301F-11D3-BF4B-00C04F79EFBC}") = "Domain", "Domain\Domain.csproj", "{5FEBC359-CAC0-4F4F-B420-616851224C47}"
EndProject
Global
	GlobalSection(SolutionConfigurationPlatforms) = preSolution
		Debug|Any CPU = Debug|Any CPU
		Release|Any CPU = Release|Any CPU
	EndGlobalSection
	GlobalSection(SolutionProperties) = preSolution
		HideSolutionNode = FALSE
	EndGlobalSection
	GlobalSection(ProjectConfigurationPlatforms) = postSolution
		{B0C11618-9FE7-439D-AD3D-979DD9981E9F}.Debug|Any CPU.ActiveCfg = Debug|Any CPU
		{B0C11618-9FE7-439D-AD3D-979DD9981E9F}.Debug|Any CPU.Build.0 = Debug|Any CPU
		{B0C11618-9FE7-439D-AD3D-979DD9981E9F}.Release|Any CPU.ActiveCfg = Release|Any CPU
		{B0C11618-9FE7-439D-AD3D-979DD9981E9F}.Release|Any CPU.Build.0 = Release|Any CPU
		{4F7E14E3-CA18-4896-BE29-BF7FF85CAE96}.Debug|Any CPU.ActiveCfg = Debug|Any CPU
		{4F7E14E3-CA18-4896-BE29-BF7FF85CAE96}.Debug|Any CPU.Build.0 = Debug|Any CPU
		{4F7E14E3-CA18-4896-BE29-BF7FF85CAE96}.Release|Any CPU.ActiveCfg = Release|Any CPU
		{4F7E14E3-CA18-4896-BE29-BF7FF85CAE96}.Release|Any CPU.Build.0 = Release|Any CPU
		{DF18A3B5-2C33-474D-83CE-93029DDC49FF}.Debug|Any CPU.ActiveCfg = Debug|Any CPU
		{DF18A3B5-2C33-474D-83CE-93029DDC49FF}.Debug|Any CPU.Build.0 = Debug|Any CPU
		{DF18A3B5-2C33-474D-83CE-93029DDC49FF}.Release|Any CPU.ActiveCfg = Release|Any CPU
		{DF18A3B5-2C33-474D-83CE-93029DDC49FF}.Release|Any CPU.Build.0 = Release|Any CPU
		{5FEBC359-CAC0-4F4F-B420-616851224C47}.Debug|Any CPU.ActiveCfg = Debug|Any CPU
		{5FEBC359-CAC0-4F4F-B420-616851224C47}.Debug|Any CPU.Build.0 = Debug|Any CPU
		{5FEBC359-CAC0-4F4F-B420-616851224C47}.Release|Any CPU.ActiveCfg = Release|Any CPU
		{5FEBC359-CAC0-4F4F-B420-616851224C47}.Release|Any CPU.Build.0 = Release|Any CPU
	EndGlobalSection
EndGlobal
